PODS:
  - Alamofire (4.9.1)
  - BiometricAuthentication (3.1.3)
  - DatePickerDialog (4.0)
  - DDCForm (1.0.0):
    - Alamofire (~> 4.7)
    - BiometricAuthentication
    - DatePickerDialog
    - DropDown
    - iOSDropDown (= 0.3.4)
    - IQKeyboardManagerSwift
    - KeychainSwift (~> 11.0)
    - KXJsonUI
    - lottie-ios
    - NVActivityIndicatorView
    - SCLAlertView
    - SelectionList
    - SwiftyGif
    - SwiftyJSON
    - SwiftyMenu (~> 1.0.1)
  - DropDown (2.3.13)
  - iOSDropDown (0.3.4)
  - IQKeyboardManagerSwift (6.5.9)
  - KeychainSwift (11.0.0)
  - KXJsonUI (0.8.4)
  - lottie-ios (3.2.3)
  - NVActivityIndicatorView (5.1.1):
    - NVActivityIndicatorView/Base (= 5.1.1)
  - NVActivityIndicatorView/Base (5.1.1)
  - SCLAlertView (0.8)
  - SelectionList (1.4.0)
  - SnapKit (5.0.1)
  - SwiftyGif (5.4.1)
  - SwiftyJSON (5.0.1)
  - SwiftyMenu (1.0.1):
    - SnapKit (~> 5.0.1)

DEPENDENCIES:
  - DDCForm (from `../DDCFramework`)

SPEC REPOS:
  trunk:
    - Alamofire
    - BiometricAuthentication
    - DatePickerDialog
    - DropDown
    - iOSDropDown
    - IQKeyboardManagerSwift
    - KeychainSwift
    - KXJsonUI
    - lottie-ios
    - NVActivityIndicatorView
    - SCLAlertView
    - SelectionList
    - SnapKit
    - SwiftyGif
    - SwiftyJSON
    - SwiftyMenu

EXTERNAL SOURCES:
  DDCForm:
    :path: "../DDCFramework"

SPEC CHECKSUMS:
  Alamofire: 85e8a02c69d6020a0d734f6054870d7ecb75cf18
  BiometricAuthentication: b63d51be9260ba94165e032829ae78f074b129df
  DatePickerDialog: ccff2f91ff7a018057a4d72fa5ad6de49c8cb0cd
  DDCForm: ff2a5ee776de0d09951e31e135dfdc4838f32448
  DropDown: 8a2116376c1981888557f72ec2ffc9a5e0e456ec
  iOSDropDown: c10a761f9a00c3f1cc9d3bce43ae504628e2f692
  IQKeyboardManagerSwift: 6e839c575c4aa1078d58a596e41244e77abe918f
  KeychainSwift: bea6bd9f98af7b8d7ca4aa79fe105c00fab532db
  KXJsonUI: eb87ec7e838a2cc6c15c3468e59471ebc1402113
  lottie-ios: c058aeafa76daa4cf64d773554bccc8385d0150e
  NVActivityIndicatorView: 1f6c5687f1171810aa27a3296814dc2d7dec3667
  SCLAlertView: 6a77bb2edfc65e04dbe57725546cb4107a506b85
  SelectionList: 668c293ec698f1d0e514414c9feec8312023ff5d
  SnapKit: 97b92857e3df3a0c71833cce143274bf6ef8e5eb
  SwiftyGif: 6895c887f5551618a3c5dd3ecb512419105bacca
  SwiftyJSON: 2f33a42c6fbc52764d96f13368585094bfd8aa5e
  SwiftyMenu: bffdad1aa7de3a5faf3dc218c989b112a804299b

PODFILE CHECKSUM: d697c6a911b27ff50b78c8f55d993604cec9e7b5

COCOAPODS: 1.11.3
